// !$*UTF8*$!
{
	archiveVersion = 1;
	classes = {
	};
	objectVersion = 55;
	objects = {

/* Begin PBXBuildFile section */
		16DA0EC12BB7103100A631B4 /* AppDelegate.swift in Sources */ = {isa = PBXBuildFile; fileRef = 16DA0EC02BB7103100A631B4 /* AppDelegate.swift */; };
		16DA0EC52BB7103100A631B4 /* Main.html in Resources */ = {isa = PBXBuildFile; fileRef = 16DA0EC32BB7103100A631B4 /* Main.html */; };
		16DA0EC72BB7103100A631B4 /* Icon.png in Resources */ = {isa = PBXBuildFile; fileRef = 16DA0EC62BB7103100A631B4 /* Icon.png */; };
		16DA0EC92BB7103100A631B4 /* Style.css in Resources */ = {isa = PBXBuildFile; fileRef = 16DA0EC82BB7103100A631B4 /* Style.css */; };
		16DA0ECB2BB7103100A631B4 /* Script.js in Resources */ = {isa = PBXBuildFile; fileRef = 16DA0ECA2BB7103100A631B4 /* Script.js */; };
		16DA0ECD2BB7103100A631B4 /* ViewController.swift in Sources */ = {isa = PBXBuildFile; fileRef = 16DA0ECC2BB7103100A631B4 /* ViewController.swift */; };
		16DA0ED02BB7103100A631B4 /* Main.storyboard in Resources */ = {isa = PBXBuildFile; fileRef = 16DA0ECE2BB7103100A631B4 /* Main.storyboard */; };
		16DA0ED22BB7103800A631B4 /* Assets.xcassets in Resources */ = {isa = PBXBuildFile; fileRef = 16DA0ED12BB7103800A631B4 /* Assets.xcassets */; };
		16DA0EDA2BB7103800A631B4 /* gmailto Extension.appex in Embed App Extensions */ = {isa = PBXBuildFile; fileRef = 16DA0ED92BB7103800A631B4 /* gmailto Extension.appex */; settings = {ATTRIBUTES = (RemoveHeadersOnCopy, ); }; };
		16DA0EDF2BB7103800A631B4 /* SafariWebExtensionHandler.swift in Sources */ = {isa = PBXBuildFile; fileRef = 16DA0EDE2BB7103800A631B4 /* SafariWebExtensionHandler.swift */; };
		16DA0EE22BB7103800A631B4 /* _locales in Resources */ = {isa = PBXBuildFile; fileRef = 16DA0EE12BB7103800A631B4 /* _locales */; };
		16DA0EE42BB7103800A631B4 /* images in Resources */ = {isa = PBXBuildFile; fileRef = 16DA0EE32BB7103800A631B4 /* images */; };
		16DA0EE62BB7103800A631B4 /* manifest.json in Resources */ = {isa = PBXBuildFile; fileRef = 16DA0EE52BB7103800A631B4 /* manifest.json */; };
		16DA0EE82BB7103800A631B4 /* background.js in Resources */ = {isa = PBXBuildFile; fileRef = 16DA0EE72BB7103800A631B4 /* background.js */; };
		16DA0EEA2BB7103800A631B4 /* content.js in Resources */ = {isa = PBXBuildFile; fileRef = 16DA0EE92BB7103800A631B4 /* content.js */; };
		16DA0EEC2BB7103800A631B4 /* popup.html in Resources */ = {isa = PBXBuildFile; fileRef = 16DA0EEB2BB7103800A631B4 /* popup.html */; };
		16DA0EEE2BB7103800A631B4 /* popup.css in Resources */ = {isa = PBXBuildFile; fileRef = 16DA0EED2BB7103800A631B4 /* popup.css */; };
		16DA0EF02BB7103800A631B4 /* popup.js in Resources */ = {isa = PBXBuildFile; fileRef = 16DA0EEF2BB7103800A631B4 /* popup.js */; };
/* End PBXBuildFile section */

/* Begin PBXContainerItemProxy section */
		16DA0EDB2BB7103800A631B4 /* PBXContainerItemProxy */ = {
			isa = PBXContainerItemProxy;
			containerPortal = 16DA0EB52BB7103000A631B4 /* Project object */;
			proxyType = 1;
			remoteGlobalIDString = 16DA0ED82BB7103800A631B4;
			remoteInfo = "gmailto Extension";
		};
/* End PBXContainerItemProxy section */

/* Begin PBXCopyFilesBuildPhase section */
		16DA0EF82BB7103800A631B4 /* Embed App Extensions */ = {
			isa = PBXCopyFilesBuildPhase;
			buildActionMask = 2147483647;
			dstPath = "";
			dstSubfolderSpec = 13;
			files = (
				16DA0EDA2BB7103800A631B4 /* gmailto Extension.appex in Embed App Extensions */,
			);
			name = "Embed App Extensions";
			runOnlyForDeploymentPostprocessing = 0;
		};
/* End PBXCopyFilesBuildPhase section */

/* Begin PBXFileReference section */
		16DA0EBD2BB7103100A631B4 /* gmailto.app */ = {isa = PBXFileReference; explicitFileType = wrapper.application; includeInIndex = 0; path = gmailto.app; sourceTree = BUILT_PRODUCTS_DIR; };
		16DA0EC02BB7103100A631B4 /* AppDelegate.swift */ = {isa = PBXFileReference; lastKnownFileType = sourcecode.swift; path = AppDelegate.swift; sourceTree = "<group>"; };
		16DA0EC42BB7103100A631B4 /* Base */ = {isa = PBXFileReference; lastKnownFileType = text.html; name = Base; path = ../Base.lproj/Main.html; sourceTree = "<group>"; };
		16DA0EC62BB7103100A631B4 /* Icon.png */ = {isa = PBXFileReference; lastKnownFileType = image.png; path = Icon.png; sourceTree = "<group>"; };
		16DA0EC82BB7103100A631B4 /* Style.css */ = {isa = PBXFileReference; lastKnownFileType = text.css; path = Style.css; sourceTree = "<group>"; };
		16DA0ECA2BB7103100A631B4 /* Script.js */ = {isa = PBXFileReference; lastKnownFileType = sourcecode.javascript; path = Script.js; sourceTree = "<group>"; };
		16DA0ECC2BB7103100A631B4 /* ViewController.swift */ = {isa = PBXFileReference; lastKnownFileType = sourcecode.swift; path = ViewController.swift; sourceTree = "<group>"; };
		16DA0ECF2BB7103100A631B4 /* Base */ = {isa = PBXFileReference; lastKnownFileType = file.storyboard; name = Base; path = Base.lproj/Main.storyboard; sourceTree = "<group>"; };
		16DA0ED12BB7103800A631B4 /* Assets.xcassets */ = {isa = PBXFileReference; lastKnownFileType = folder.assetcatalog; path = Assets.xcassets; sourceTree = "<group>"; };
		16DA0ED32BB7103800A631B4 /* gmailto.entitlements */ = {isa = PBXFileReference; lastKnownFileType = text.plist.entitlements; path = gmailto.entitlements; sourceTree = "<group>"; };
		16DA0ED42BB7103800A631B4 /* gmailto.entitlements */ = {isa = PBXFileReference; lastKnownFileType = text.plist.entitlements; path = gmailto.entitlements; sourceTree = "<group>"; };
		16DA0ED92BB7103800A631B4 /* gmailto Extension.appex */ = {isa = PBXFileReference; explicitFileType = "wrapper.app-extension"; includeInIndex = 0; path = "gmailto Extension.appex"; sourceTree = BUILT_PRODUCTS_DIR; };
		16DA0EDE2BB7103800A631B4 /* SafariWebExtensionHandler.swift */ = {isa = PBXFileReference; lastKnownFileType = sourcecode.swift; path = SafariWebExtensionHandler.swift; sourceTree = "<group>"; };
		16DA0EE12BB7103800A631B4 /* _locales */ = {isa = PBXFileReference; lastKnownFileType = folder; path = _locales; sourceTree = "<group>"; };
		16DA0EE32BB7103800A631B4 /* images */ = {isa = PBXFileReference; lastKnownFileType = folder; path = images; sourceTree = "<group>"; };
		16DA0EE52BB7103800A631B4 /* manifest.json */ = {isa = PBXFileReference; lastKnownFileType = text.json; path = manifest.json; sourceTree = "<group>"; };
		16DA0EE72BB7103800A631B4 /* background.js */ = {isa = PBXFileReference; lastKnownFileType = sourcecode.javascript; path = background.js; sourceTree = "<group>"; };
		16DA0EE92BB7103800A631B4 /* content.js */ = {isa = PBXFileReference; lastKnownFileType = sourcecode.javascript; path = content.js; sourceTree = "<group>"; };
		16DA0EEB2BB7103800A631B4 /* popup.html */ = {isa = PBXFileReference; lastKnownFileType = text.html; path = popup.html; sourceTree = "<group>"; };
		16DA0EED2BB7103800A631B4 /* popup.css */ = {isa = PBXFileReference; lastKnownFileType = text.css; path = popup.css; sourceTree = "<group>"; };
		16DA0EEF2BB7103800A631B4 /* popup.js */ = {isa = PBXFileReference; lastKnownFileType = sourcecode.javascript; path = popup.js; sourceTree = "<group>"; };
		16DA0EF12BB7103800A631B4 /* Info.plist */ = {isa = PBXFileReference; lastKnownFileType = text.plist.xml; path = Info.plist; sourceTree = "<group>"; };
		16DA0EF22BB7103800A631B4 /* gmailto_Extension.entitlements */ = {isa = PBXFileReference; lastKnownFileType = text.plist.entitlements; path = gmailto_Extension.entitlements; sourceTree = "<group>"; };
/* End PBXFileReference section */

/* Begin PBXFrameworksBuildPhase section */
		16DA0EBA2BB7103100A631B4 /* Frameworks */ = {
			isa = PBXFrameworksBuildPhase;
			buildActionMask = 2147483647;
			files = (
			);
			runOnlyForDeploymentPostprocessing = 0;
		};
		16DA0ED62BB7103800A631B4 /* Frameworks */ = {
			isa = PBXFrameworksBuildPhase;
			buildActionMask = 2147483647;
			files = (
			);
			runOnlyForDeploymentPostprocessing = 0;
		};
/* End PBXFrameworksBuildPhase section */

/* Begin PBXGroup section */
		16DA0EB42BB7103000A631B4 = {
			isa = PBXGroup;
			children = (
				16DA0EBF2BB7103100A631B4 /* gmailto */,
				16DA0EDD2BB7103800A631B4 /* gmailto Extension */,
				16DA0EBE2BB7103100A631B4 /* Products */,
			);
			sourceTree = "<group>";
		};
		16DA0EBE2BB7103100A631B4 /* Products */ = {
			isa = PBXGroup;
			children = (
				16DA0EBD2BB7103100A631B4 /* gmailto.app */,
				16DA0ED92BB7103800A631B4 /* gmailto Extension.appex */,
			);
			name = Products;
			sourceTree = "<group>";
		};
		16DA0EBF2BB7103100A631B4 /* gmailto */ = {
			isa = PBXGroup;
			children = (
				16DA0EC02BB7103100A631B4 /* AppDelegate.swift */,
				16DA0ECC2BB7103100A631B4 /* ViewController.swift */,
				16DA0ECE2BB7103100A631B4 /* Main.storyboard */,
				16DA0ED12BB7103800A631B4 /* Assets.xcassets */,
				16DA0ED32BB7103800A631B4 /* gmailto.entitlements */,
				16DA0ED42BB7103800A631B4 /* gmailto.entitlements */,
				16DA0EC22BB7103100A631B4 /* Resources */,
			);
			path = gmailto;
			sourceTree = "<group>";
		};
		16DA0EC22BB7103100A631B4 /* Resources */ = {
			isa = PBXGroup;
			children = (
				16DA0EC32BB7103100A631B4 /* Main.html */,
				16DA0EC62BB7103100A631B4 /* Icon.png */,
				16DA0EC82BB7103100A631B4 /* Style.css */,
				16DA0ECA2BB7103100A631B4 /* Script.js */,
			);
			path = Resources;
			sourceTree = "<group>";
		};
		16DA0EDD2BB7103800A631B4 /* gmailto Extension */ = {
			isa = PBXGroup;
			children = (
				16DA0EDE2BB7103800A631B4 /* SafariWebExtensionHandler.swift */,
				16DA0EF12BB7103800A631B4 /* Info.plist */,
				16DA0EF22BB7103800A631B4 /* gmailto_Extension.entitlements */,
				16DA0EE02BB7103800A631B4 /* Resources */,
			);
			path = "gmailto Extension";
			sourceTree = "<group>";
		};
		16DA0EE02BB7103800A631B4 /* Resources */ = {
			isa = PBXGroup;
			children = (
				16DA0EE12BB7103800A631B4 /* _locales */,
				16DA0EE32BB7103800A631B4 /* images */,
				16DA0EE52BB7103800A631B4 /* manifest.json */,
				16DA0EE72BB7103800A631B4 /* background.js */,
				16DA0EE92BB7103800A631B4 /* content.js */,
				16DA0EEB2BB7103800A631B4 /* popup.html */,
				16DA0EED2BB7103800A631B4 /* popup.css */,
				16DA0EEF2BB7103800A631B4 /* popup.js */,
			);
			path = Resources;
			sourceTree = "<group>";
		};
/* End PBXGroup section */

/* Begin PBXNativeTarget section */
		16DA0EBC2BB7103100A631B4 /* gmailto */ = {
			isa = PBXNativeTarget;
			buildConfigurationList = 16DA0EF92BB7103800A631B4 /* Build configuration list for PBXNativeTarget "gmailto" */;
			buildPhases = (
				16DA0EB92BB7103100A631B4 /* Sources */,
				16DA0EBA2BB7103100A631B4 /* Frameworks */,
				16DA0EBB2BB7103100A631B4 /* Resources */,
				16DA0EF82BB7103800A631B4 /* Embed App Extensions */,
			);
			buildRules = (
			);
			dependencies = (
				16DA0EDC2BB7103800A631B4 /* PBXTargetDependency */,
			);
			name = gmailto;
			productName = gmailto;
			productReference = 16DA0EBD2BB7103100A631B4 /* gmailto.app */;
			productType = "com.apple.product-type.application";
		};
		16DA0ED82BB7103800A631B4 /* gmailto Extension */ = {
			isa = PBXNativeTarget;
			buildConfigurationList = 16DA0EF52BB7103800A631B4 /* Build configuration list for PBXNativeTarget "gmailto Extension" */;
			buildPhases = (
				16DA0ED52BB7103800A631B4 /* Sources */,
				16DA0ED62BB7103800A631B4 /* Frameworks */,
				16DA0ED72BB7103800A631B4 /* Resources */,
			);
			buildRules = (
			);
			dependencies = (
			);
			name = "gmailto Extension";
			productName = "gmailto Extension";
			productReference = 16DA0ED92BB7103800A631B4 /* gmailto Extension.appex */;
			productType = "com.apple.product-type.app-extension";
		};
/* End PBXNativeTarget section */

/* Begin PBXProject section */
		16DA0EB52BB7103000A631B4 /* Project object */ = {
			isa = PBXProject;
			attributes = {
				BuildIndependentTargetsInParallel = 1;
				LastSwiftUpdateCheck = 1340;
				LastUpgradeCheck = 1340;
				TargetAttributes = {
					16DA0EBC2BB7103100A631B4 = {
						CreatedOnToolsVersion = 13.4.1;
					};
					16DA0ED82BB7103800A631B4 = {
						CreatedOnToolsVersion = 13.4.1;
					};
				};
			};
			buildConfigurationList = 16DA0EB82BB7103000A631B4 /* Build configuration list for PBXProject "gmailto" */;
			compatibilityVersion = "Xcode 13.0";
			developmentRegion = en;
			hasScannedForEncodings = 0;
			knownRegions = (
				en,
				Base,
			);
			mainGroup = 16DA0EB42BB7103000A631B4;
			productRefGroup = 16DA0EBE2BB7103100A631B4 /* Products */;
			projectDirPath = "";
			projectRoot = "";
			targets = (
				16DA0EBC2BB7103100A631B4 /* gmailto */,
				16DA0ED82BB7103800A631B4 /* gmailto Extension */,
			);
		};
/* End PBXProject section */

/* Begin PBXResourcesBuildPhase section */
		16DA0EBB2BB7103100A631B4 /* Resources */ = {
			isa = PBXResourcesBuildPhase;
			buildActionMask = 2147483647;
			files = (
				16DA0EC72BB7103100A631B4 /* Icon.png in Resources */,
				16DA0ED02BB7103100A631B4 /* Main.storyboard in Resources */,
				16DA0ECB2BB7103100A631B4 /* Script.js in Resources */,
				16DA0EC52BB7103100A631B4 /* Main.html in Resources */,
				16DA0ED22BB7103800A631B4 /* Assets.xcassets in Resources */,
				16DA0EC92BB7103100A631B4 /* Style.css in Resources */,
			);
			runOnlyForDeploymentPostprocessing = 0;
		};
		16DA0ED72BB7103800A631B4 /* Resources */ = {
			isa = PBXResourcesBuildPhase;
			buildActionMask = 2147483647;
			files = (
				16DA0EE82BB7103800A631B4 /* background.js in Resources */,
				16DA0EEE2BB7103800A631B4 /* popup.css in Resources */,
				16DA0EEC2BB7103800A631B4 /* popup.html in Resources */,
				16DA0EE42BB7103800A631B4 /* images in Resources */,
				16DA0EE62BB7103800A631B4 /* manifest.json in Resources */,
				16DA0EE22BB7103800A631B4 /* _locales in Resources */,
				16DA0EEA2BB7103800A631B4 /* content.js in Resources */,
				16DA0EF02BB7103800A631B4 /* popup.js in Resources */,
			);
			runOnlyForDeploymentPostprocessing = 0;
		};
/* End PBXResourcesBuildPhase section */

/* Begin PBXSourcesBuildPhase section */
		16DA0EB92BB7103100A631B4 /* Sources */ = {
			isa = PBXSourcesBuildPhase;
			buildActionMask = 2147483647;
			files = (
				16DA0ECD2BB7103100A631B4 /* ViewController.swift in Sources */,
				16DA0EC12BB7103100A631B4 /* AppDelegate.swift in Sources */,
			);
			runOnlyForDeploymentPostprocessing = 0;
		};
		16DA0ED52BB7103800A631B4 /* Sources */ = {
			isa = PBXSourcesBuildPhase;
			buildActionMask = 2147483647;
			files = (
				16DA0EDF2BB7103800A631B4 /* SafariWebExtensionHandler.swift in Sources */,
			);
			runOnlyForDeploymentPostprocessing = 0;
		};
/* End PBXSourcesBuildPhase section */

/* Begin PBXTargetDependency section */
		16DA0EDC2BB7103800A631B4 /* PBXTargetDependency */ = {
			isa = PBXTargetDependency;
			target = 16DA0ED82BB7103800A631B4 /* gmailto Extension */;
			targetProxy = 16DA0EDB2BB7103800A631B4 /* PBXContainerItemProxy */;
		};
/* End PBXTargetDependency section */

/* Begin PBXVariantGroup section */
		16DA0EC32BB7103100A631B4 /* Main.html */ = {
			isa = PBXVariantGroup;
			children = (
				16DA0EC42BB7103100A631B4 /* Base */,
			);
			name = Main.html;
			sourceTree = "<group>";
		};
		16DA0ECE2BB7103100A631B4 /* Main.storyboard */ = {
			isa = PBXVariantGroup;
			children = (
				16DA0ECF2BB7103100A631B4 /* Base */,
			);
			name = Main.storyboard;
			sourceTree = "<group>";
		};
/* End PBXVariantGroup section */

/* Begin XCBuildConfiguration section */
		16DA0EF32BB7103800A631B4 /* Debug */ = {
			isa = XCBuildConfiguration;
			buildSettings = {
				ALWAYS_SEARCH_USER_PATHS = NO;
				CLANG_ANALYZER_NONNULL = YES;
				CLANG_ANALYZER_NUMBER_OBJECT_CONVERSION = YES_AGGRESSIVE;
				CLANG_CXX_LANGUAGE_STANDARD = "gnu++17";
				CLANG_ENABLE_MODULES = YES;
				CLANG_ENABLE_OBJC_ARC = YES;
				CLANG_ENABLE_OBJC_WEAK = YES;
				CLANG_WARN_BLOCK_CAPTURE_AUTORELEASING = YES;
				CLANG_WARN_BOOL_CONVERSION = YES;
				CLANG_WARN_COMMA = YES;
				CLANG_WARN_CONSTANT_CONVERSION = YES;
				CLANG_WARN_DEPRECATED_OBJC_IMPLEMENTATIONS = YES;
				CLANG_WARN_DIRECT_OBJC_ISA_USAGE = YES_ERROR;
				CLANG_WARN_DOCUMENTATION_COMMENTS = YES;
				CLANG_WARN_EMPTY_BODY = YES;
				CLANG_WARN_ENUM_CONVERSION = YES;
				CLANG_WARN_INFINITE_RECURSION = YES;
				CLANG_WARN_INT_CONVERSION = YES;
				CLANG_WARN_NON_LITERAL_NULL_CONVERSION = YES;
				CLANG_WARN_OBJC_IMPLICIT_RETAIN_SELF = YES;
				CLANG_WARN_OBJC_LITERAL_CONVERSION = YES;
				CLANG_WARN_OBJC_ROOT_CLASS = YES_ERROR;
				CLANG_WARN_QUOTED_INCLUDE_IN_FRAMEWORK_HEADER = YES;
				CLANG_WARN_RANGE_LOOP_ANALYSIS = YES;
				CLANG_WARN_STRICT_PROTOTYPES = YES;
				CLANG_WARN_SUSPICIOUS_MOVE = YES;
				CLANG_WARN_UNGUARDED_AVAILABILITY = YES_AGGRESSIVE;
				CLANG_WARN_UNREACHABLE_CODE = YES;
				CLANG_WARN__DUPLICATE_METHOD_MATCH = YES;
				COPY_PHASE_STRIP = NO;
				DEBUG_INFORMATION_FORMAT = dwarf;
				ENABLE_STRICT_OBJC_MSGSEND = YES;
				ENABLE_TESTABILITY = YES;
				GCC_C_LANGUAGE_STANDARD = gnu11;
				GCC_DYNAMIC_NO_PIC = NO;
				GCC_NO_COMMON_BLOCKS = YES;
				GCC_OPTIMIZATION_LEVEL = 0;
				GCC_PREPROCESSOR_DEFINITIONS = (
					"DEBUG=1",
					"$(inherited)",
				);
				GCC_WARN_64_TO_32_BIT_CONVERSION = YES;
				GCC_WARN_ABOUT_RETURN_TYPE = YES_ERROR;
				GCC_WARN_UNDECLARED_SELECTOR = YES;
				GCC_WARN_UNINITIALIZED_AUTOS = YES_AGGRESSIVE;
				GCC_WARN_UNUSED_FUNCTION = YES;
				GCC_WARN_UNUSED_VARIABLE = YES;
				MACOSX_DEPLOYMENT_TARGET = 12.3;
				MTL_ENABLE_DEBUG_INFO = INCLUDE_SOURCE;
				MTL_FAST_MATH = YES;
				ONLY_ACTIVE_ARCH = YES;
				SDKROOT = macosx;
				SWIFT_ACTIVE_COMPILATION_CONDITIONS = DEBUG;
				SWIFT_OPTIMIZATION_LEVEL = "-Onone";
			};
			name = Debug;
		};
		16DA0EF42BB7103800A631B4 /* Release */ = {
			isa = XCBuildConfiguration;
			buildSettings = {
				ALWAYS_SEARCH_USER_PATHS = NO;
				CLANG_ANALYZER_NONNULL = YES;
				CLANG_ANALYZER_NUMBER_OBJECT_CONVERSION = YES_AGGRESSIVE;
				CLANG_CXX_LANGUAGE_STANDARD = "gnu++17";
				CLANG_ENABLE_MODULES = YES;
				CLANG_ENABLE_OBJC_ARC = YES;
				CLANG_ENABLE_OBJC_WEAK = YES;
				CLANG_WARN_BLOCK_CAPTURE_AUTORELEASING = YES;
				CLANG_WARN_BOOL_CONVERSION = YES;
				CLANG_WARN_COMMA = YES;
				CLANG_WARN_CONSTANT_CONVERSION = YES;
				CLANG_WARN_DEPRECATED_OBJC_IMPLEMENTATIONS = YES;
				CLANG_WARN_DIRECT_OBJC_ISA_USAGE = YES_ERROR;
				CLANG_WARN_DOCUMENTATION_COMMENTS = YES;
				CLANG_WARN_EMPTY_BODY = YES;
				CLANG_WARN_ENUM_CONVERSION = YES;
				CLANG_WARN_INFINITE_RECURSION = YES;
				CLANG_WARN_INT_CONVERSION = YES;
				CLANG_WARN_NON_LITERAL_NULL_CONVERSION = YES;
				CLANG_WARN_OBJC_IMPLICIT_RETAIN_SELF = YES;
				CLANG_WARN_OBJC_LITERAL_CONVERSION = YES;
				CLANG_WARN_OBJC_ROOT_CLASS = YES_ERROR;
				CLANG_WARN_QUOTED_INCLUDE_IN_FRAMEWORK_HEADER = YES;
				CLANG_WARN_RANGE_LOOP_ANALYSIS = YES;
				CLANG_WARN_STRICT_PROTOTYPES = YES;
				CLANG_WARN_SUSPICIOUS_MOVE = YES;
				CLANG_WARN_UNGUARDED_AVAILABILITY = YES_AGGRESSIVE;
				CLANG_WARN_UNREACHABLE_CODE = YES;
				CLANG_WARN__DUPLICATE_METHOD_MATCH = YES;
				COPY_PHASE_STRIP = NO;
				DEBUG_INFORMATION_FORMAT = "dwarf-with-dsym";
				ENABLE_NS_ASSERTIONS = NO;
				ENABLE_STRICT_OBJC_MSGSEND = YES;
				GCC_C_LANGUAGE_STANDARD = gnu11;
				GCC_NO_COMMON_BLOCKS = YES;
				GCC_WARN_64_TO_32_BIT_CONVERSION = YES;
				GCC_WARN_ABOUT_RETURN_TYPE = YES_ERROR;
				GCC_WARN_UNDECLARED_SELECTOR = YES;
				GCC_WARN_UNINITIALIZED_AUTOS = YES_AGGRESSIVE;
				GCC_WARN_UNUSED_FUNCTION = YES;
				GCC_WARN_UNUSED_VARIABLE = YES;
				MACOSX_DEPLOYMENT_TARGET = 12.3;
				MTL_ENABLE_DEBUG_INFO = NO;
				MTL_FAST_MATH = YES;
				SDKROOT = macosx;
				SWIFT_COMPILATION_MODE = wholemodule;
				SWIFT_OPTIMIZATION_LEVEL = "-O";
			};
			name = Release;
		};
		16DA0EF62BB7103800A631B4 /* Debug */ = {
			isa = XCBuildConfiguration;
			buildSettings = {
				CODE_SIGN_ENTITLEMENTS = "gmailto Extension/gmailto_Extension.entitlements";
				CODE_SIGN_STYLE = Automatic;
				CURRENT_PROJECT_VERSION = 1;
				DEVELOPMENT_TEAM = 3BD3QTK7V5;
				ENABLE_HARDENED_RUNTIME = YES;
				GENERATE_INFOPLIST_FILE = YES;
				INFOPLIST_FILE = "gmailto Extension/Info.plist";
				INFOPLIST_KEY_CFBundleDisplayName = "gmailto Extension";
				INFOPLIST_KEY_NSHumanReadableCopyright = "";
				LD_RUNPATH_SEARCH_PATHS = (
					"$(inherited)",
					"@executable_path/../Frameworks",
					"@executable_path/../../../../Frameworks",
				);
				MACOSX_DEPLOYMENT_TARGET = 10.14;
				MARKETING_VERSION = 1.0;
				OTHER_LDFLAGS = (
					"-framework",
					SafariServices,
				);
				PRODUCT_BUNDLE_IDENTIFIER = com.lenoxsoftware.gmailto.Extension;
				PRODUCT_NAME = "$(TARGET_NAME)";
				SKIP_INSTALL = YES;
				SWIFT_EMIT_LOC_STRINGS = YES;
				SWIFT_VERSION = 5.0;
			};
			name = Debug;
		};
		16DA0EF72BB7103800A631B4 /* Release */ = {
			isa = XCBuildConfiguration;
			buildSettings = {
				CODE_SIGN_ENTITLEMENTS = "gmailto Extension/gmailto_Extension.entitlements";
				CODE_SIGN_STYLE = Automatic;
				CURRENT_PROJECT_VERSION = 1;
				DEVELOPMENT_TEAM = 3BD3QTK7V5;
				ENABLE_HARDENED_RUNTIME = YES;
				GENERATE_INFOPLIST_FILE = YES;
				INFOPLIST_FILE = "gmailto Extension/Info.plist";
				INFOPLIST_KEY_CFBundleDisplayName = "gmailto Extension";
				INFOPLIST_KEY_NSHumanReadableCopyright = "";
				LD_RUNPATH_SEARCH_PATHS = (
					"$(inherited)",
					"@executable_path/../Frameworks",
					"@executable_path/../../../../Frameworks",
				);
				MACOSX_DEPLOYMENT_TARGET = 10.14;
				MARKETING_VERSION = 1.0;
				OTHER_LDFLAGS = (
					"-framework",
					SafariServices,
				);
				PRODUCT_BUNDLE_IDENTIFIER = com.lenoxsoftware.gmailto.Extension;
				PRODUCT_NAME = "$(TARGET_NAME)";
				SKIP_INSTALL = YES;
				SWIFT_EMIT_LOC_STRINGS = YES;
				SWIFT_VERSION = 5.0;
			};
			name = Release;
		};
		16DA0EFA2BB7103800A631B4 /* Debug */ = {
			isa = XCBuildConfiguration;
			buildSettings = {
				ALWAYS_EMBED_SWIFT_STANDARD_LIBRARIES = YES;
				ASSETCATALOG_COMPILER_APPICON_NAME = AppIcon;
				ASSETCATALOG_COMPILER_GLOBAL_ACCENT_COLOR_NAME = AccentColor;
				CODE_SIGN_ENTITLEMENTS = gmailto/gmailto.entitlements;
				CODE_SIGN_STYLE = Automatic;
				COMBINE_HIDPI_IMAGES = YES;
				CURRENT_PROJECT_VERSION = 1;
				DEVELOPMENT_TEAM = 3BD3QTK7V5;
				ENABLE_HARDENED_RUNTIME = YES;
				GENERATE_INFOPLIST_FILE = YES;
				INFOPLIST_KEY_CFBundleDisplayName = gmailto;
				INFOPLIST_KEY_NSHumanReadableCopyright = "";
				INFOPLIST_KEY_NSMainStoryboardFile = Main;
				INFOPLIST_KEY_NSPrincipalClass = NSApplication;
				LD_RUNPATH_SEARCH_PATHS = (
					"$(inherited)",
					"@executable_path/../Frameworks",
				);
				MACOSX_DEPLOYMENT_TARGET = 10.14;
				MARKETING_VERSION = 1.0;
				OTHER_LDFLAGS = (
					"-framework",
					SafariServices,
					"-framework",
					WebKit,
				);
				PRODUCT_BUNDLE_IDENTIFIER = com.lenoxsoftware.gmailto;
				PRODUCT_NAME = "$(TARGET_NAME)";
				SWIFT_EMIT_LOC_STRINGS = YES;
				SWIFT_VERSION = 5.0;
			};
			name = Debug;
		};
		16DA0EFB2BB7103800A631B4 /* Release */ = {
			isa = XCBuildConfiguration;
			buildSettings = {
				ALWAYS_EMBED_SWIFT_STANDARD_LIBRARIES = YES;
				ASSETCATALOG_COMPILER_APPICON_NAME = AppIcon;
				ASSETCATALOG_COMPILER_GLOBAL_ACCENT_COLOR_NAME = AccentColor;
				CODE_SIGN_ENTITLEMENTS = gmailto/gmailto.entitlements;
				CODE_SIGN_STYLE = Automatic;
				COMBINE_HIDPI_IMAGES = YES;
				CURRENT_PROJECT_VERSION = 1;
				DEVELOPMENT_TEAM = 3BD3QTK7V5;
				ENABLE_HARDENED_RUNTIME = YES;
				GENERATE_INFOPLIST_FILE = YES;
				INFOPLIST_KEY_CFBundleDisplayName = gmailto;
				INFOPLIST_KEY_NSHumanReadableCopyright = "";
				INFOPLIST_KEY_NSMainStoryboardFile = Main;
				INFOPLIST_KEY_NSPrincipalClass = NSApplication;
				LD_RUNPATH_SEARCH_PATHS = (
					"$(inherited)",
					"@executable_path/../Frameworks",
				);
				MACOSX_DEPLOYMENT_TARGET = 10.14;
				MARKETING_VERSION = 1.0;
				OTHER_LDFLAGS = (
					"-framework",
					SafariServices,
					"-framework",
					WebKit,
				);
				PRODUCT_BUNDLE_IDENTIFIER = com.lenoxsoftware.gmailto;
				PRODUCT_NAME = "$(TARGET_NAME)";
				SWIFT_EMIT_LOC_STRINGS = YES;
				SWIFT_VERSION = 5.0;
			};
			name = Release;
		};
/* End XCBuildConfiguration section */

/* Begin XCConfigurationList section */
		16DA0EB82BB7103000A631B4 /* Build configuration list for PBXProject "gmailto" */ = {
			isa = XCConfigurationList;
			buildConfigurations = (
				16DA0EF32BB7103800A631B4 /* Debug */,
				16DA0EF42BB7103800A631B4 /* Release */,
			);
			defaultConfigurationIsVisible = 0;
			defaultConfigurationName = Release;
		};
		16DA0EF52BB7103800A631B4 /* Build configuration list for PBXNativeTarget "gmailto Extension" */ = {
			isa = XCConfigurationList;
			buildConfigurations = (
				16DA0EF62BB7103800A631B4 /* Debug */,
				16DA0EF72BB7103800A631B4 /* Release */,
			);
			defaultConfigurationIsVisible = 0;
			defaultConfigurationName = Release;
		};
		16DA0EF92BB7103800A631B4 /* Build configuration list for PBXNativeTarget "gmailto" */ = {
			isa = XCConfigurationList;
			buildConfigurations = (
				16DA0EFA2BB7103800A631B4 /* Debug */,
				16DA0EFB2BB7103800A631B4 /* Release */,
			);
			defaultConfigurationIsVisible = 0;
			defaultConfigurationName = Release;
		};
/* End XCConfigurationList section */
	};
	rootObject = 16DA0EB52BB7103000A631B4 /* Project object */;
}
